{
  "name": "flashflow",
  "version": "1.0.0",
  "lockfileVersion": 1,
  "requires": true,
  "dependencies": {
    "Netflow": {
      "version": "https://github.com/Sghazzawi/Node-Netflowd/tarball/master",
      "integrity": "sha512-be37QPL0XfzmncLhNAHVUqu9Lcjwo5CmT/PNaVIo6zFAsDTBbb+ViATRgIIE9f7dKy4X1bWG9xPZywjtxbtA3w=="
    },
    "lodash": {
      "version": "4.17.15",
      "resolved": "https://registry.npmjs.org/lodash/-/lodash-4.17.15.tgz",
      "integrity": "sha512-8xOcRHvCjnocdS5cpwXQXVzmmh5e5+saE2QGoeQmbKmRS6J3VQppPOIt0MnmE+4xlZoumy0GPG0D0MVIQbNA1A=="
    }
  }
}
